// !$*UTF8*$!
{
	archiveVersion = 1;
	classes = {
	};
	objectVersion = 56;
	objects = {

/* Begin PBXBuildFile section */
		B1E98BBD2A861F910041FB5B /* AppDelegate.swift in Sources */ = {isa = PBXBuildFile; fileRef = B1E98BBC2A861F910041FB5B /* AppDelegate.swift */; };
		B1E98BBF2A861F910041FB5B /* SceneDelegate.swift in Sources */ = {isa = PBXBuildFile; fileRef = B1E98BBE2A861F910041FB5B /* SceneDelegate.swift */; };
		B1E98BC12A861F910041FB5B /* ViewController.swift in Sources */ = {isa = PBXBuildFile; fileRef = B1E98BC02A861F910041FB5B /* ViewController.swift */; };
		B1E98BC42A861F910041FB5B /* Main.storyboard in Resources */ = {isa = PBXBuildFile; fileRef = B1E98BC22A861F910041FB5B /* Main.storyboard */; };
		B1E98BC62A861F920041FB5B /* Assets.xcassets in Resources */ = {isa = PBXBuildFile; fileRef = B1E98BC52A861F920041FB5B /* Assets.xcassets */; };
		B1E98BC92A861F920041FB5B /* LaunchScreen.storyboard in Resources */ = {isa = PBXBuildFile; fileRef = B1E98BC72A861F920041FB5B /* LaunchScreen.storyboard */; };
		B1E98BD42A861F920041FB5B /* iOS_NetworkingTests.swift in Sources */ = {isa = PBXBuildFile; fileRef = B1E98BD32A861F920041FB5B /* iOS_NetworkingTests.swift */; };
		B1E98BDE2A861F920041FB5B /* iOS_NetworkingUITests.swift in Sources */ = {isa = PBXBuildFile; fileRef = B1E98BDD2A861F920041FB5B /* iOS_NetworkingUITests.swift */; };
		B1E98BE02A861F920041FB5B /* iOS_NetworkingUITestsLaunchTests.swift in Sources */ = {isa = PBXBuildFile; fileRef = B1E98BDF2A861F920041FB5B /* iOS_NetworkingUITestsLaunchTests.swift */; };
/* End PBXBuildFile section */

/* Begin PBXContainerItemProxy section */
		B1E98BD02A861F920041FB5B /* PBXContainerItemProxy */ = {
			isa = PBXContainerItemProxy;
			containerPortal = B1E98BB12A861F910041FB5B /* Project object */;
			proxyType = 1;
			remoteGlobalIDString = B1E98BB82A861F910041FB5B;
			remoteInfo = "iOS-Networking";
		};
		B1E98BDA2A861F920041FB5B /* PBXContainerItemProxy */ = {
			isa = PBXContainerItemProxy;
			containerPortal = B1E98BB12A861F910041FB5B /* Project object */;
			proxyType = 1;
			remoteGlobalIDString = B1E98BB82A861F910041FB5B;
			remoteInfo = "iOS-Networking";
		};
/* End PBXContainerItemProxy section */

/* Begin PBXFileReference section */
		B1E98BB92A861F910041FB5B /* iOS-Networking.app */ = {isa = PBXFileReference; explicitFileType = wrapper.application; includeInIndex = 0; path = "iOS-Networking.app"; sourceTree = BUILT_PRODUCTS_DIR; };
		B1E98BBC2A861F910041FB5B /* AppDelegate.swift */ = {isa = PBXFileReference; lastKnownFileType = sourcecode.swift; path = AppDelegate.swift; sourceTree = "<group>"; };
		B1E98BBE2A861F910041FB5B /* SceneDelegate.swift */ = {isa = PBXFileReference; lastKnownFileType = sourcecode.swift; path = SceneDelegate.swift; sourceTree = "<group>"; };
		B1E98BC02A861F910041FB5B /* ViewController.swift */ = {isa = PBXFileReference; lastKnownFileType = sourcecode.swift; path = ViewController.swift; sourceTree = "<group>"; };
		B1E98BC32A861F910041FB5B /* Base */ = {isa = PBXFileReference; lastKnownFileType = file.storyboard; name = Base; path = Base.lproj/Main.storyboard; sourceTree = "<group>"; };
		B1E98BC52A861F920041FB5B /* Assets.xcassets */ = {isa = PBXFileReference; lastKnownFileType = folder.assetcatalog; path = Assets.xcassets; sourceTree = "<group>"; };
		B1E98BC82A861F920041FB5B /* Base */ = {isa = PBXFileReference; lastKnownFileType = file.storyboard; name = Base; path = Base.lproj/LaunchScreen.storyboard; sourceTree = "<group>"; };
		B1E98BCA2A861F920041FB5B /* Info.plist */ = {isa = PBXFileReference; lastKnownFileType = text.plist.xml; path = Info.plist; sourceTree = "<group>"; };
		B1E98BCF2A861F920041FB5B /* iOS-NetworkingTests.xctest */ = {isa = PBXFileReference; explicitFileType = wrapper.cfbundle; includeInIndex = 0; path = "iOS-NetworkingTests.xctest"; sourceTree = BUILT_PRODUCTS_DIR; };
		B1E98BD32A861F920041FB5B /* iOS_NetworkingTests.swift */ = {isa = PBXFileReference; lastKnownFileType = sourcecode.swift; path = iOS_NetworkingTests.swift; sourceTree = "<group>"; };
		B1E98BD92A861F920041FB5B /* iOS-NetworkingUITests.xctest */ = {isa = PBXFileReference; explicitFileType = wrapper.cfbundle; includeInIndex = 0; path = "iOS-NetworkingUITests.xctest"; sourceTree = BUILT_PRODUCTS_DIR; };
		B1E98BDD2A861F920041FB5B /* iOS_NetworkingUITests.swift */ = {isa = PBXFileReference; lastKnownFileType = sourcecode.swift; path = iOS_NetworkingUITests.swift; sourceTree = "<group>"; };
		B1E98BDF2A861F920041FB5B /* iOS_NetworkingUITestsLaunchTests.swift */ = {isa = PBXFileReference; lastKnownFileType = sourcecode.swift; path = iOS_NetworkingUITestsLaunchTests.swift; sourceTree = "<group>"; };
/* End PBXFileReference section */

/* Begin PBXFrameworksBuildPhase section */
		B1E98BB62A861F910041FB5B /* Frameworks */ = {
			isa = PBXFrameworksBuildPhase;
			buildActionMask = 2147483647;
			files = (
			);
			runOnlyForDeploymentPostprocessing = 0;
		};
		B1E98BCC2A861F920041FB5B /* Frameworks */ = {
			isa = PBXFrameworksBuildPhase;
			buildActionMask = 2147483647;
			files = (
			);
			runOnlyForDeploymentPostprocessing = 0;
		};
		B1E98BD62A861F920041FB5B /* Frameworks */ = {
			isa = PBXFrameworksBuildPhase;
			buildActionMask = 2147483647;
			files = (
			);
			runOnlyForDeploymentPostprocessing = 0;
		};
/* End PBXFrameworksBuildPhase section */

/* Begin PBXGroup section */
		B1E98BB02A861F910041FB5B = {
			isa = PBXGroup;
			children = (
				B1E98BBB2A861F910041FB5B /* iOS-Networking */,
				B1E98BD22A861F920041FB5B /* iOS-NetworkingTests */,
				B1E98BDC2A861F920041FB5B /* iOS-NetworkingUITests */,
				B1E98BBA2A861F910041FB5B /* Products */,
			);
			sourceTree = "<group>";
		};
		B1E98BBA2A861F910041FB5B /* Products */ = {
			isa = PBXGroup;
			children = (
				B1E98BB92A861F910041FB5B /* iOS-Networking.app */,
				B1E98BCF2A861F920041FB5B /* iOS-NetworkingTests.xctest */,
				B1E98BD92A861F920041FB5B /* iOS-NetworkingUITests.xctest */,
			);
			name = Products;
			sourceTree = "<group>";
		};
		B1E98BBB2A861F910041FB5B /* iOS-Networking */ = {
			isa = PBXGroup;
			children = (
				B1E98BBC2A861F910041FB5B /* AppDelegate.swift */,
				B1E98BBE2A861F910041FB5B /* SceneDelegate.swift */,
				B1E98BC02A861F910041FB5B /* ViewController.swift */,
				B1E98BC22A861F910041FB5B /* Main.storyboard */,
				B1E98BC52A861F920041FB5B /* Assets.xcassets */,
				B1E98BC72A861F920041FB5B /* LaunchScreen.storyboard */,
				B1E98BCA2A861F920041FB5B /* Info.plist */,
			);
			path = "iOS-Networking";
			sourceTree = "<group>";
		};
		B1E98BD22A861F920041FB5B /* iOS-NetworkingTests */ = {
			isa = PBXGroup;
			children = (
				B1E98BD32A861F920041FB5B /* iOS_NetworkingTests.swift */,
			);
			path = "iOS-NetworkingTests";
			sourceTree = "<group>";
		};
		B1E98BDC2A861F920041FB5B /* iOS-NetworkingUITests */ = {
			isa = PBXGroup;
			children = (
				B1E98BDD2A861F920041FB5B /* iOS_NetworkingUITests.swift */,
				B1E98BDF2A861F920041FB5B /* iOS_NetworkingUITestsLaunchTests.swift */,
			);
			path = "iOS-NetworkingUITests";
			sourceTree = "<group>";
		};
/* End PBXGroup section */

/* Begin PBXNativeTarget section */
		B1E98BB82A861F910041FB5B /* iOS-Networking */ = {
			isa = PBXNativeTarget;
			buildConfigurationList = B1E98BE32A861F920041FB5B /* Build configuration list for PBXNativeTarget "iOS-Networking" */;
			buildPhases = (
				B1E98BB52A861F910041FB5B /* Sources */,
				B1E98BB62A861F910041FB5B /* Frameworks */,
				B1E98BB72A861F910041FB5B /* Resources */,
			);
			buildRules = (
			);
			dependencies = (
			);
			name = "iOS-Networking";
			productName = "iOS-Networking";
			productReference = B1E98BB92A861F910041FB5B /* iOS-Networking.app */;
			productType = "com.apple.product-type.application";
		};
		B1E98BCE2A861F920041FB5B /* iOS-NetworkingTests */ = {
			isa = PBXNativeTarget;
			buildConfigurationList = B1E98BE62A861F920041FB5B /* Build configuration list for PBXNativeTarget "iOS-NetworkingTests" */;
			buildPhases = (
				B1E98BCB2A861F920041FB5B /* Sources */,
				B1E98BCC2A861F920041FB5B /* Frameworks */,
				B1E98BCD2A861F920041FB5B /* Resources */,
			);
			buildRules = (
			);
			dependencies = (
				B1E98BD12A861F920041FB5B /* PBXTargetDependency */,
			);
			name = "iOS-NetworkingTests";
			productName = "iOS-NetworkingTests";
			productReference = B1E98BCF2A861F920041FB5B /* iOS-NetworkingTests.xctest */;
			productType = "com.apple.product-type.bundle.unit-test";
		};
		B1E98BD82A861F920041FB5B /* iOS-NetworkingUITests */ = {
			isa = PBXNativeTarget;
			buildConfigurationList = B1E98BE92A861F920041FB5B /* Build configuration list for PBXNativeTarget "iOS-NetworkingUITests" */;
			buildPhases = (
				B1E98BD52A861F920041FB5B /* Sources */,
				B1E98BD62A861F920041FB5B /* Frameworks */,
				B1E98BD72A861F920041FB5B /* Resources */,
			);
			buildRules = (
			);
			dependencies = (
				B1E98BDB2A861F920041FB5B /* PBXTargetDependency */,
			);
			name = "iOS-NetworkingUITests";
			productName = "iOS-NetworkingUITests";
			productReference = B1E98BD92A861F920041FB5B /* iOS-NetworkingUITests.xctest */;
			productType = "com.apple.product-type.bundle.ui-testing";
		};
/* End PBXNativeTarget section */

/* Begin PBXProject section */
		B1E98BB12A861F910041FB5B /* Project object */ = {
			isa = PBXProject;
			attributes = {
				BuildIndependentTargetsInParallel = 1;
				LastSwiftUpdateCheck = 1430;
				LastUpgradeCheck = 1430;
				TargetAttributes = {
					B1E98BB82A861F910041FB5B = {
						CreatedOnToolsVersion = 14.3.1;
					};
					B1E98BCE2A861F920041FB5B = {
						CreatedOnToolsVersion = 14.3.1;
						TestTargetID = B1E98BB82A861F910041FB5B;
					};
					B1E98BD82A861F920041FB5B = {
						CreatedOnToolsVersion = 14.3.1;
						TestTargetID = B1E98BB82A861F910041FB5B;
					};
				};
			};
			buildConfigurationList = B1E98BB42A861F910041FB5B /* Build configuration list for PBXProject "iOS-Networking" */;
			compatibilityVersion = "Xcode 14.0";
			developmentRegion = en;
			hasScannedForEncodings = 0;
			knownRegions = (
				en,
				Base,
			);
			mainGroup = B1E98BB02A861F910041FB5B;
			productRefGroup = B1E98BBA2A861F910041FB5B /* Products */;
			projectDirPath = "";
			projectRoot = "";
			targets = (
				B1E98BB82A861F910041FB5B /* iOS-Networking */,
				B1E98BCE2A861F920041FB5B /* iOS-NetworkingTests */,
				B1E98BD82A861F920041FB5B /* iOS-NetworkingUITests */,
			);
		};
/* End PBXProject section */

/* Begin PBXResourcesBuildPhase section */
		B1E98BB72A861F910041FB5B /* Resources */ = {
			isa = PBXResourcesBuildPhase;
			buildActionMask = 2147483647;
			files = (
				B1E98BC92A861F920041FB5B /* LaunchScreen.storyboard in Resources */,
				B1E98BC62A861F920041FB5B /* Assets.xcassets in Resources */,
				B1E98BC42A861F910041FB5B /* Main.storyboard in Resources */,
			);
			runOnlyForDeploymentPostprocessing = 0;
		};
		B1E98BCD2A861F920041FB5B /* Resources */ = {
			isa = PBXResourcesBuildPhase;
			buildActionMask = 2147483647;
			files = (
			);
			runOnlyForDeploymentPostprocessing = 0;
		};
		B1E98BD72A861F920041FB5B /* Resources */ = {
			isa = PBXResourcesBuildPhase;
			buildActionMask = 2147483647;
			files = (
			);
			runOnlyForDeploymentPostprocessing = 0;
		};
/* End PBXResourcesBuildPhase section */

/* Begin PBXSourcesBuildPhase section */
		B1E98BB52A861F910041FB5B /* Sources */ = {
			isa = PBXSourcesBuildPhase;
			buildActionMask = 2147483647;
			files = (
				B1E98BC12A861F910041FB5B /* ViewController.swift in Sources */,
				B1E98BBD2A861F910041FB5B /* AppDelegate.swift in Sources */,
				B1E98BBF2A861F910041FB5B /* SceneDelegate.swift in Sources */,
			);
			runOnlyForDeploymentPostprocessing = 0;
		};
		B1E98BCB2A861F920041FB5B /* Sources */ = {
			isa = PBXSourcesBuildPhase;
			buildActionMask = 2147483647;
			files = (
				B1E98BD42A861F920041FB5B /* iOS_NetworkingTests.swift in Sources */,
			);
			runOnlyForDeploymentPostprocessing = 0;
		};
		B1E98BD52A861F920041FB5B /* Sources */ = {
			isa = PBXSourcesBuildPhase;
			buildActionMask = 2147483647;
			files = (
				B1E98BE02A861F920041FB5B /* iOS_NetworkingUITestsLaunchTests.swift in Sources */,
				B1E98BDE2A861F920041FB5B /* iOS_NetworkingUITests.swift in Sources */,
			);
			runOnlyForDeploymentPostprocessing = 0;
		};
/* End PBXSourcesBuildPhase section */

/* Begin PBXTargetDependency section */
		B1E98BD12A861F920041FB5B /* PBXTargetDependency */ = {
			isa = PBXTargetDependency;
			target = B1E98BB82A861F910041FB5B /* iOS-Networking */;
			targetProxy = B1E98BD02A861F920041FB5B /* PBXContainerItemProxy */;
		};
		B1E98BDB2A861F920041FB5B /* PBXTargetDependency */ = {
			isa = PBXTargetDependency;
			target = B1E98BB82A861F910041FB5B /* iOS-Networking */;
			targetProxy = B1E98BDA2A861F920041FB5B /* PBXContainerItemProxy */;
		};
/* End PBXTargetDependency section */

/* Begin PBXVariantGroup section */
		B1E98BC22A861F910041FB5B /* Main.storyboard */ = {
			isa = PBXVariantGroup;
			children = (
				B1E98BC32A861F910041FB5B /* Base */,
			);
			name = Main.storyboard;
			sourceTree = "<group>";
		};
		B1E98BC72A861F920041FB5B /* LaunchScreen.storyboard */ = {
			isa = PBXVariantGroup;
			children = (
				B1E98BC82A861F920041FB5B /* Base */,
			);
			name = LaunchScreen.storyboard;
			sourceTree = "<group>";
		};
/* End PBXVariantGroup section */

/* Begin XCBuildConfiguration section */
		B1E98BE12A861F920041FB5B /* Debug */ = {
			isa = XCBuildConfiguration;
			buildSettings = {
				ALWAYS_SEARCH_USER_PATHS = NO;
				CLANG_ANALYZER_NONNULL = YES;
				CLANG_ANALYZER_NUMBER_OBJECT_CONVERSION = YES_AGGRESSIVE;
				CLANG_CXX_LANGUAGE_STANDARD = "gnu++20";
				CLANG_ENABLE_MODULES = YES;
				CLANG_ENABLE_OBJC_ARC = YES;
				CLANG_ENABLE_OBJC_WEAK = YES;
				CLANG_WARN_BLOCK_CAPTURE_AUTORELEASING = YES;
				CLANG_WARN_BOOL_CONVERSION = YES;
				CLANG_WARN_COMMA = YES;
				CLANG_WARN_CONSTANT_CONVERSION = YES;
				CLANG_WARN_DEPRECATED_OBJC_IMPLEMENTATIONS = YES;
				CLANG_WARN_DIRECT_OBJC_ISA_USAGE = YES_ERROR;
				CLANG_WARN_DOCUMENTATION_COMMENTS = YES;
				CLANG_WARN_EMPTY_BODY = YES;
				CLANG_WARN_ENUM_CONVERSION = YES;
				CLANG_WARN_INFINITE_RECURSION = YES;
				CLANG_WARN_INT_CONVERSION = YES;
				CLANG_WARN_NON_LITERAL_NULL_CONVERSION = YES;
				CLANG_WARN_OBJC_IMPLICIT_RETAIN_SELF = YES;
				CLANG_WARN_OBJC_LITERAL_CONVERSION = YES;
				CLANG_WARN_OBJC_ROOT_CLASS = YES_ERROR;
				CLANG_WARN_QUOTED_INCLUDE_IN_FRAMEWORK_HEADER = YES;
				CLANG_WARN_RANGE_LOOP_ANALYSIS = YES;
				CLANG_WARN_STRICT_PROTOTYPES = YES;
				CLANG_WARN_SUSPICIOUS_MOVE = YES;
				CLANG_WARN_UNGUARDED_AVAILABILITY = YES_AGGRESSIVE;
				CLANG_WARN_UNREACHABLE_CODE = YES;
				CLANG_WARN__DUPLICATE_METHOD_MATCH = YES;
				COPY_PHASE_STRIP = NO;
				DEBUG_INFORMATION_FORMAT = dwarf;
				ENABLE_STRICT_OBJC_MSGSEND = YES;
				ENABLE_TESTABILITY = YES;
				GCC_C_LANGUAGE_STANDARD = gnu11;
				GCC_DYNAMIC_NO_PIC = NO;
				GCC_NO_COMMON_BLOCKS = YES;
				GCC_OPTIMIZATION_LEVEL = 0;
				GCC_PREPROCESSOR_DEFINITIONS = (
					"DEBUG=1",
					"$(inherited)",
				);
				GCC_WARN_64_TO_32_BIT_CONVERSION = YES;
				GCC_WARN_ABOUT_RETURN_TYPE = YES_ERROR;
				GCC_WARN_UNDECLARED_SELECTOR = YES;
				GCC_WARN_UNINITIALIZED_AUTOS = YES_AGGRESSIVE;
				GCC_WARN_UNUSED_FUNCTION = YES;
				GCC_WARN_UNUSED_VARIABLE = YES;
				IPHONEOS_DEPLOYMENT_TARGET = 16.4;
				MTL_ENABLE_DEBUG_INFO = INCLUDE_SOURCE;
				MTL_FAST_MATH = YES;
				ONLY_ACTIVE_ARCH = YES;
				SDKROOT = iphoneos;
				SWIFT_ACTIVE_COMPILATION_CONDITIONS = DEBUG;
				SWIFT_OPTIMIZATION_LEVEL = "-Onone";
			};
			name = Debug;
		};
		B1E98BE22A861F920041FB5B /* Release */ = {
			isa = XCBuildConfiguration;
			buildSettings = {
				ALWAYS_SEARCH_USER_PATHS = NO;
				CLANG_ANALYZER_NONNULL = YES;
				CLANG_ANALYZER_NUMBER_OBJECT_CONVERSION = YES_AGGRESSIVE;
				CLANG_CXX_LANGUAGE_STANDARD = "gnu++20";
				CLANG_ENABLE_MODULES = YES;
				CLANG_ENABLE_OBJC_ARC = YES;
				CLANG_ENABLE_OBJC_WEAK = YES;
				CLANG_WARN_BLOCK_CAPTURE_AUTORELEASING = YES;
				CLANG_WARN_BOOL_CONVERSION = YES;
				CLANG_WARN_COMMA = YES;
				CLANG_WARN_CONSTANT_CONVERSION = YES;
				CLANG_WARN_DEPRECATED_OBJC_IMPLEMENTATIONS = YES;
				CLANG_WARN_DIRECT_OBJC_ISA_USAGE = YES_ERROR;
				CLANG_WARN_DOCUMENTATION_COMMENTS = YES;
				CLANG_WARN_EMPTY_BODY = YES;
				CLANG_WARN_ENUM_CONVERSION = YES;
				CLANG_WARN_INFINITE_RECURSION = YES;
				CLANG_WARN_INT_CONVERSION = YES;
				CLANG_WARN_NON_LITERAL_NULL_CONVERSION = YES;
				CLANG_WARN_OBJC_IMPLICIT_RETAIN_SELF = YES;
				CLANG_WARN_OBJC_LITERAL_CONVERSION = YES;
				CLANG_WARN_OBJC_ROOT_CLASS = YES_ERROR;
				CLANG_WARN_QUOTED_INCLUDE_IN_FRAMEWORK_HEADER = YES;
				CLANG_WARN_RANGE_LOOP_ANALYSIS = YES;
				CLANG_WARN_STRICT_PROTOTYPES = YES;
				CLANG_WARN_SUSPICIOUS_MOVE = YES;
				CLANG_WARN_UNGUARDED_AVAILABILITY = YES_AGGRESSIVE;
				CLANG_WARN_UNREACHABLE_CODE = YES;
				CLANG_WARN__DUPLICATE_METHOD_MATCH = YES;
				COPY_PHASE_STRIP = NO;
				DEBUG_INFORMATION_FORMAT = "dwarf-with-dsym";
				ENABLE_NS_ASSERTIONS = NO;
				ENABLE_STRICT_OBJC_MSGSEND = YES;
				GCC_C_LANGUAGE_STANDARD = gnu11;
				GCC_NO_COMMON_BLOCKS = YES;
				GCC_WARN_64_TO_32_BIT_CONVERSION = YES;
				GCC_WARN_ABOUT_RETURN_TYPE = YES_ERROR;
				GCC_WARN_UNDECLARED_SELECTOR = YES;
				GCC_WARN_UNINITIALIZED_AUTOS = YES_AGGRESSIVE;
				GCC_WARN_UNUSED_FUNCTION = YES;
				GCC_WARN_UNUSED_VARIABLE = YES;
				IPHONEOS_DEPLOYMENT_TARGET = 16.4;
				MTL_ENABLE_DEBUG_INFO = NO;
				MTL_FAST_MATH = YES;
				SDKROOT = iphoneos;
				SWIFT_COMPILATION_MODE = wholemodule;
				SWIFT_OPTIMIZATION_LEVEL = "-O";
				VALIDATE_PRODUCT = YES;
			};
			name = Release;
		};
		B1E98BE42A861F920041FB5B /* Debug */ = {
			isa = XCBuildConfiguration;
			buildSettings = {
				ASSETCATALOG_COMPILER_APPICON_NAME = AppIcon;
				ASSETCATALOG_COMPILER_GLOBAL_ACCENT_COLOR_NAME = AccentColor;
				CODE_SIGN_STYLE = Automatic;
				CURRENT_PROJECT_VERSION = 1;
				DEVELOPMENT_TEAM = Q4WH2ZZWCT;
				GENERATE_INFOPLIST_FILE = YES;
				INFOPLIST_FILE = "iOS-Networking/Info.plist";
				INFOPLIST_KEY_UIApplicationSupportsIndirectInputEvents = YES;
				INFOPLIST_KEY_UILaunchStoryboardName = LaunchScreen;
				INFOPLIST_KEY_UIMainStoryboardFile = Main;
				INFOPLIST_KEY_UISupportedInterfaceOrientations_iPad = "UIInterfaceOrientationPortrait UIInterfaceOrientationPortraitUpsideDown UIInterfaceOrientationLandscapeLeft UIInterfaceOrientationLandscapeRight";
				INFOPLIST_KEY_UISupportedInterfaceOrientations_iPhone = "UIInterfaceOrientationPortrait UIInterfaceOrientationLandscapeLeft UIInterfaceOrientationLandscapeRight";
				LD_RUNPATH_SEARCH_PATHS = (
					"$(inherited)",
					"@executable_path/Frameworks",
				);
				MARKETING_VERSION = 1.0;
				PRODUCT_BUNDLE_IDENTIFIER = "com.siddharthkothari.iOS-Networking";
				PRODUCT_NAME = "$(TARGET_NAME)";
				SWIFT_EMIT_LOC_STRINGS = YES;
				SWIFT_VERSION = 5.0;
				TARGETED_DEVICE_FAMILY = "1,2";
			};
			name = Debug;
		};
		B1E98BE52A861F920041FB5B /* Release */ = {
			isa = XCBuildConfiguration;
			buildSettings = {
				ASSETCATALOG_COMPILER_APPICON_NAME = AppIcon;
				ASSETCATALOG_COMPILER_GLOBAL_ACCENT_COLOR_NAME = AccentColor;
				CODE_SIGN_STYLE = Automatic;
				CURRENT_PROJECT_VERSION = 1;
				DEVELOPMENT_TEAM = Q4WH2ZZWCT;
				GENERATE_INFOPLIST_FILE = YES;
				INFOPLIST_FILE = "iOS-Networking/Info.plist";
				INFOPLIST_KEY_UIApplicationSupportsIndirectInputEvents = YES;
				INFOPLIST_KEY_UILaunchStoryboardName = LaunchScreen;
				INFOPLIST_KEY_UIMainStoryboardFile = Main;
				INFOPLIST_KEY_UISupportedInterfaceOrientations_iPad = "UIInterfaceOrientationPortrait UIInterfaceOrientationPortraitUpsideDown UIInterfaceOrientationLandscapeLeft UIInterfaceOrientationLandscapeRight";
				INFOPLIST_KEY_UISupportedInterfaceOrientations_iPhone = "UIInterfaceOrientationPortrait UIInterfaceOrientationLandscapeLeft UIInterfaceOrientationLandscapeRight";
				LD_RUNPATH_SEARCH_PATHS = (
					"$(inherited)",
					"@executable_path/Frameworks",
				);
				MARKETING_VERSION = 1.0;
				PRODUCT_BUNDLE_IDENTIFIER = "com.siddharthkothari.iOS-Networking";
				PRODUCT_NAME = "$(TARGET_NAME)";
				SWIFT_EMIT_LOC_STRINGS = YES;
				SWIFT_VERSION = 5.0;
				TARGETED_DEVICE_FAMILY = "1,2";
			};
			name = Release;
		};
		B1E98BE72A861F920041FB5B /* Debug */ = {
			isa = XCBuildConfiguration;
			buildSettings = {
				ALWAYS_EMBED_SWIFT_STANDARD_LIBRARIES = YES;
				BUNDLE_LOADER = "$(TEST_HOST)";
				CODE_SIGN_STYLE = Automatic;
				CURRENT_PROJECT_VERSION = 1;
				DEVELOPMENT_TEAM = Q4WH2ZZWCT;
				GENERATE_INFOPLIST_FILE = YES;
				IPHONEOS_DEPLOYMENT_TARGET = 16.4;
				MARKETING_VERSION = 1.0;
				PRODUCT_BUNDLE_IDENTIFIER = "com.siddharthkothari.iOS-NetworkingTests";
				PRODUCT_NAME = "$(TARGET_NAME)";
				SWIFT_EMIT_LOC_STRINGS = NO;
				SWIFT_VERSION = 5.0;
				TARGETED_DEVICE_FAMILY = "1,2";
				TEST_HOST = "$(BUILT_PRODUCTS_DIR)/iOS-Networking.app/$(BUNDLE_EXECUTABLE_FOLDER_PATH)/iOS-Networking";
			};
			name = Debug;
		};
		B1E98BE82A861F920041FB5B /* Release */ = {
			isa = XCBuildConfiguration;
			buildSettings = {
				ALWAYS_EMBED_SWIFT_STANDARD_LIBRARIES = YES;
				BUNDLE_LOADER = "$(TEST_HOST)";
				CODE_SIGN_STYLE = Automatic;
				CURRENT_PROJECT_VERSION = 1;
				DEVELOPMENT_TEAM = Q4WH2ZZWCT;
				GENERATE_INFOPLIST_FILE = YES;
				IPHONEOS_DEPLOYMENT_TARGET = 16.4;
				MARKETING_VERSION = 1.0;
				PRODUCT_BUNDLE_IDENTIFIER = "com.siddharthkothari.iOS-NetworkingTests";
				PRODUCT_NAME = "$(TARGET_NAME)";
				SWIFT_EMIT_LOC_STRINGS = NO;
				SWIFT_VERSION = 5.0;
				TARGETED_DEVICE_FAMILY = "1,2";
				TEST_HOST = "$(BUILT_PRODUCTS_DIR)/iOS-Networking.app/$(BUNDLE_EXECUTABLE_FOLDER_PATH)/iOS-Networking";
			};
			name = Release;
		};
		B1E98BEA2A861F920041FB5B /* Debug */ = {
			isa = XCBuildConfiguration;
			buildSettings = {
				ALWAYS_EMBED_SWIFT_STANDARD_LIBRARIES = YES;
				CODE_SIGN_STYLE = Automatic;
				CURRENT_PROJECT_VERSION = 1;
				DEVELOPMENT_TEAM = Q4WH2ZZWCT;
				GENERATE_INFOPLIST_FILE = YES;
				MARKETING_VERSION = 1.0;
				PRODUCT_BUNDLE_IDENTIFIER = "com.siddharthkothari.iOS-NetworkingUITests";
				PRODUCT_NAME = "$(TARGET_NAME)";
				SWIFT_EMIT_LOC_STRINGS = NO;
				SWIFT_VERSION = 5.0;
				TARGETED_DEVICE_FAMILY = "1,2";
				TEST_TARGET_NAME = "iOS-Networking";
			};
			name = Debug;
		};
		B1E98BEB2A861F920041FB5B /* Release */ = {
			isa = XCBuildConfiguration;
			buildSettings = {
				ALWAYS_EMBED_SWIFT_STANDARD_LIBRARIES = YES;
				CODE_SIGN_STYLE = Automatic;
				CURRENT_PROJECT_VERSION = 1;
				DEVELOPMENT_TEAM = Q4WH2ZZWCT;
				GENERATE_INFOPLIST_FILE = YES;
				MARKETING_VERSION = 1.0;
				PRODUCT_BUNDLE_IDENTIFIER = "com.siddharthkothari.iOS-NetworkingUITests";
				PRODUCT_NAME = "$(TARGET_NAME)";
				SWIFT_EMIT_LOC_STRINGS = NO;
				SWIFT_VERSION = 5.0;
				TARGETED_DEVICE_FAMILY = "1,2";
				TEST_TARGET_NAME = "iOS-Networking";
			};
			name = Release;
		};
/* End XCBuildConfiguration section */

/* Begin XCConfigurationList section */
		B1E98BB42A861F910041FB5B /* Build configuration list for PBXProject "iOS-Networking" */ = {
			isa = XCConfigurationList;
			buildConfigurations = (
				B1E98BE12A861F920041FB5B /* Debug */,
				B1E98BE22A861F920041FB5B /* Release */,
			);
			defaultConfigurationIsVisible = 0;
			defaultConfigurationName = Release;
		};
		B1E98BE32A861F920041FB5B /* Build configuration list for PBXNativeTarget "iOS-Networking" */ = {
			isa = XCConfigurationList;
			buildConfigurations = (
				B1E98BE42A861F920041FB5B /* Debug */,
				B1E98BE52A861F920041FB5B /* Release */,
			);
			defaultConfigurationIsVisible = 0;
			defaultConfigurationName = Release;
		};
		B1E98BE62A861F920041FB5B /* Build configuration list for PBXNativeTarget "iOS-NetworkingTests" */ = {
			isa = XCConfigurationList;
			buildConfigurations = (
				B1E98BE72A861F920041FB5B /* Debug */,
				B1E98BE82A861F920041FB5B /* Release */,
			);
			defaultConfigurationIsVisible = 0;
			defaultConfigurationName = Release;
		};
		B1E98BE92A861F920041FB5B /* Build configuration list for PBXNativeTarget "iOS-NetworkingUITests" */ = {
			isa = XCConfigurationList;
			buildConfigurations = (
				B1E98BEA2A861F920041FB5B /* Debug */,
				B1E98BEB2A861F920041FB5B /* Release */,
			);
			defaultConfigurationIsVisible = 0;
			defaultConfigurationName = Release;
		};
/* End XCConfigurationList section */
	};
	rootObject = B1E98BB12A861F910041FB5B /* Project object */;
}
